// !$*UTF8*$!
{
	archiveVersion = 1;
	classes = {
	};
	objectVersion = 46;
	objects = {

/* Begin PBXBuildFile section */
		F35EDDB51F0AC13A00C0D232 /* AppDelegate.swift in Sources */ = {isa = PBXBuildFile; fileRef = F35EDDB41F0AC13A00C0D232 /* AppDelegate.swift */; };
		F35EDDB71F0AC13A00C0D232 /* MasterViewController.swift in Sources */ = {isa = PBXBuildFile; fileRef = F35EDDB61F0AC13A00C0D232 /* MasterViewController.swift */; };
		F35EDDB91F0AC13A00C0D232 /* DetailViewController.swift in Sources */ = {isa = PBXBuildFile; fileRef = F35EDDB81F0AC13A00C0D232 /* DetailViewController.swift */; };
		F35EDDBC1F0AC13A00C0D232 /* Main.storyboard in Resources */ = {isa = PBXBuildFile; fileRef = F35EDDBA1F0AC13A00C0D232 /* Main.storyboard */; };
		F35EDDBE1F0AC13A00C0D232 /* Assets.xcassets in Resources */ = {isa = PBXBuildFile; fileRef = F35EDDBD1F0AC13A00C0D232 /* Assets.xcassets */; };
		F35EDDC11F0AC13A00C0D232 /* LaunchScreen.storyboard in Resources */ = {isa = PBXBuildFile; fileRef = F35EDDBF1F0AC13A00C0D232 /* LaunchScreen.storyboard */; };
		F35EDDCC1F0AC13A00C0D232 /* College_Profile_BuilderTests.swift in Sources */ = {isa = PBXBuildFile; fileRef = F35EDDCB1F0AC13A00C0D232 /* College_Profile_BuilderTests.swift */; };
		F35EDDD71F0AC13A00C0D232 /* College_Profile_BuilderUITests.swift in Sources */ = {isa = PBXBuildFile; fileRef = F35EDDD61F0AC13A00C0D232 /* College_Profile_BuilderUITests.swift */; };
		F35EDDE51F0AC24A00C0D232 /* College.swift in Sources */ = {isa = PBXBuildFile; fileRef = F35EDDE41F0AC24A00C0D232 /* College.swift */; };
/* End PBXBuildFile section */

/* Begin PBXContainerItemProxy section */
		F35EDDC81F0AC13A00C0D232 /* PBXContainerItemProxy */ = {
			isa = PBXContainerItemProxy;
			containerPortal = F35EDDA91F0AC13900C0D232 /* Project object */;
			proxyType = 1;
			remoteGlobalIDString = F35EDDB01F0AC13A00C0D232;
			remoteInfo = "College Profile Builder";
		};
		F35EDDD31F0AC13A00C0D232 /* PBXContainerItemProxy */ = {
			isa = PBXContainerItemProxy;
			containerPortal = F35EDDA91F0AC13900C0D232 /* Project object */;
			proxyType = 1;
			remoteGlobalIDString = F35EDDB01F0AC13A00C0D232;
			remoteInfo = "College Profile Builder";
		};
/* End PBXContainerItemProxy section */

/* Begin PBXFileReference section */
		F35EDDB11F0AC13A00C0D232 /* College Profile Builder.app */ = {isa = PBXFileReference; explicitFileType = wrapper.application; includeInIndex = 0; path = "College Profile Builder.app"; sourceTree = BUILT_PRODUCTS_DIR; };
		F35EDDB41F0AC13A00C0D232 /* AppDelegate.swift */ = {isa = PBXFileReference; lastKnownFileType = sourcecode.swift; path = AppDelegate.swift; sourceTree = "<group>"; };
		F35EDDB61F0AC13A00C0D232 /* MasterViewController.swift */ = {isa = PBXFileReference; lastKnownFileType = sourcecode.swift; path = MasterViewController.swift; sourceTree = "<group>"; };
		F35EDDB81F0AC13A00C0D232 /* DetailViewController.swift */ = {isa = PBXFileReference; lastKnownFileType = sourcecode.swift; path = DetailViewController.swift; sourceTree = "<group>"; };
		F35EDDBB1F0AC13A00C0D232 /* Base */ = {isa = PBXFileReference; lastKnownFileType = file.storyboard; name = Base; path = Base.lproj/Main.storyboard; sourceTree = "<group>"; };
		F35EDDBD1F0AC13A00C0D232 /* Assets.xcassets */ = {isa = PBXFileReference; lastKnownFileType = folder.assetcatalog; path = Assets.xcassets; sourceTree = "<group>"; };
		F35EDDC01F0AC13A00C0D232 /* Base */ = {isa = PBXFileReference; lastKnownFileType = file.storyboard; name = Base; path = Base.lproj/LaunchScreen.storyboard; sourceTree = "<group>"; };
		F35EDDC21F0AC13A00C0D232 /* Info.plist */ = {isa = PBXFileReference; lastKnownFileType = text.plist.xml; path = Info.plist; sourceTree = "<group>"; };
		F35EDDC71F0AC13A00C0D232 /* College Profile BuilderTests.xctest */ = {isa = PBXFileReference; explicitFileType = wrapper.cfbundle; includeInIndex = 0; path = "College Profile BuilderTests.xctest"; sourceTree = BUILT_PRODUCTS_DIR; };
		F35EDDCB1F0AC13A00C0D232 /* College_Profile_BuilderTests.swift */ = {isa = PBXFileReference; lastKnownFileType = sourcecode.swift; path = College_Profile_BuilderTests.swift; sourceTree = "<group>"; };
		F35EDDCD1F0AC13A00C0D232 /* Info.plist */ = {isa = PBXFileReference; lastKnownFileType = text.plist.xml; path = Info.plist; sourceTree = "<group>"; };
		F35EDDD21F0AC13A00C0D232 /* College Profile BuilderUITests.xctest */ = {isa = PBXFileReference; explicitFileType = wrapper.cfbundle; includeInIndex = 0; path = "College Profile BuilderUITests.xctest"; sourceTree = BUILT_PRODUCTS_DIR; };
		F35EDDD61F0AC13A00C0D232 /* College_Profile_BuilderUITests.swift */ = {isa = PBXFileReference; lastKnownFileType = sourcecode.swift; path = College_Profile_BuilderUITests.swift; sourceTree = "<group>"; };
		F35EDDD81F0AC13A00C0D232 /* Info.plist */ = {isa = PBXFileReference; lastKnownFileType = text.plist.xml; path = Info.plist; sourceTree = "<group>"; };
		F35EDDE41F0AC24A00C0D232 /* College.swift */ = {isa = PBXFileReference; fileEncoding = 4; lastKnownFileType = sourcecode.swift; path = College.swift; sourceTree = "<group>"; };
/* End PBXFileReference section */

/* Begin PBXFrameworksBuildPhase section */
		F35EDDAE1F0AC13A00C0D232 /* Frameworks */ = {
			isa = PBXFrameworksBuildPhase;
			buildActionMask = 2147483647;
			files = (
			);
			runOnlyForDeploymentPostprocessing = 0;
		};
		F35EDDC41F0AC13A00C0D232 /* Frameworks */ = {
			isa = PBXFrameworksBuildPhase;
			buildActionMask = 2147483647;
			files = (
			);
			runOnlyForDeploymentPostprocessing = 0;
		};
		F35EDDCF1F0AC13A00C0D232 /* Frameworks */ = {
			isa = PBXFrameworksBuildPhase;
			buildActionMask = 2147483647;
			files = (
			);
			runOnlyForDeploymentPostprocessing = 0;
		};
/* End PBXFrameworksBuildPhase section */

/* Begin PBXGroup section */
		F35EDDA81F0AC13900C0D232 = {
			isa = PBXGroup;
			children = (
				F35EDDB31F0AC13A00C0D232 /* College Profile Builder */,
				F35EDDCA1F0AC13A00C0D232 /* College Profile BuilderTests */,
				F35EDDD51F0AC13A00C0D232 /* College Profile BuilderUITests */,
				F35EDDB21F0AC13A00C0D232 /* Products */,
			);
			sourceTree = "<group>";
		};
		F35EDDB21F0AC13A00C0D232 /* Products */ = {
			isa = PBXGroup;
			children = (
				F35EDDB11F0AC13A00C0D232 /* College Profile Builder.app */,
				F35EDDC71F0AC13A00C0D232 /* College Profile BuilderTests.xctest */,
				F35EDDD21F0AC13A00C0D232 /* College Profile BuilderUITests.xctest */,
			);
			name = Products;
			sourceTree = "<group>";
		};
		F35EDDB31F0AC13A00C0D232 /* College Profile Builder */ = {
			isa = PBXGroup;
			children = (
				F35EDDB41F0AC13A00C0D232 /* AppDelegate.swift */,
				F35EDDE41F0AC24A00C0D232 /* College.swift */,
				F35EDDB61F0AC13A00C0D232 /* MasterViewController.swift */,
				F35EDDB81F0AC13A00C0D232 /* DetailViewController.swift */,
				F35EDDBA1F0AC13A00C0D232 /* Main.storyboard */,
				F35EDDBD1F0AC13A00C0D232 /* Assets.xcassets */,
				F35EDDBF1F0AC13A00C0D232 /* LaunchScreen.storyboard */,
				F35EDDC21F0AC13A00C0D232 /* Info.plist */,
			);
			path = "College Profile Builder";
			sourceTree = "<group>";
		};
		F35EDDCA1F0AC13A00C0D232 /* College Profile BuilderTests */ = {
			isa = PBXGroup;
			children = (
				F35EDDCB1F0AC13A00C0D232 /* College_Profile_BuilderTests.swift */,
				F35EDDCD1F0AC13A00C0D232 /* Info.plist */,
			);
			path = "College Profile BuilderTests";
			sourceTree = "<group>";
		};
		F35EDDD51F0AC13A00C0D232 /* College Profile BuilderUITests */ = {
			isa = PBXGroup;
			children = (
				F35EDDD61F0AC13A00C0D232 /* College_Profile_BuilderUITests.swift */,
				F35EDDD81F0AC13A00C0D232 /* Info.plist */,
			);
			path = "College Profile BuilderUITests";
			sourceTree = "<group>";
		};
/* End PBXGroup section */

/* Begin PBXNativeTarget section */
		F35EDDB01F0AC13A00C0D232 /* College Profile Builder */ = {
			isa = PBXNativeTarget;
			buildConfigurationList = F35EDDDB1F0AC13A00C0D232 /* Build configuration list for PBXNativeTarget "College Profile Builder" */;
			buildPhases = (
				F35EDDAD1F0AC13A00C0D232 /* Sources */,
				F35EDDAE1F0AC13A00C0D232 /* Frameworks */,
				F35EDDAF1F0AC13A00C0D232 /* Resources */,
			);
			buildRules = (
			);
			dependencies = (
			);
			name = "College Profile Builder";
			productName = "College Profile Builder";
			productReference = F35EDDB11F0AC13A00C0D232 /* College Profile Builder.app */;
			productType = "com.apple.product-type.application";
		};
		F35EDDC61F0AC13A00C0D232 /* College Profile BuilderTests */ = {
			isa = PBXNativeTarget;
			buildConfigurationList = F35EDDDE1F0AC13A00C0D232 /* Build configuration list for PBXNativeTarget "College Profile BuilderTests" */;
			buildPhases = (
				F35EDDC31F0AC13A00C0D232 /* Sources */,
				F35EDDC41F0AC13A00C0D232 /* Frameworks */,
				F35EDDC51F0AC13A00C0D232 /* Resources */,
			);
			buildRules = (
			);
			dependencies = (
				F35EDDC91F0AC13A00C0D232 /* PBXTargetDependency */,
			);
			name = "College Profile BuilderTests";
			productName = "College Profile BuilderTests";
			productReference = F35EDDC71F0AC13A00C0D232 /* College Profile BuilderTests.xctest */;
			productType = "com.apple.product-type.bundle.unit-test";
		};
		F35EDDD11F0AC13A00C0D232 /* College Profile BuilderUITests */ = {
			isa = PBXNativeTarget;
			buildConfigurationList = F35EDDE11F0AC13A00C0D232 /* Build configuration list for PBXNativeTarget "College Profile BuilderUITests" */;
			buildPhases = (
				F35EDDCE1F0AC13A00C0D232 /* Sources */,
				F35EDDCF1F0AC13A00C0D232 /* Frameworks */,
				F35EDDD01F0AC13A00C0D232 /* Resources */,
			);
			buildRules = (
			);
			dependencies = (
				F35EDDD41F0AC13A00C0D232 /* PBXTargetDependency */,
			);
			name = "College Profile BuilderUITests";
			productName = "College Profile BuilderUITests";
			productReference = F35EDDD21F0AC13A00C0D232 /* College Profile BuilderUITests.xctest */;
			productType = "com.apple.product-type.bundle.ui-testing";
		};
/* End PBXNativeTarget section */

/* Begin PBXProject section */
		F35EDDA91F0AC13900C0D232 /* Project object */ = {
			isa = PBXProject;
			attributes = {
				LastSwiftUpdateCheck = 0830;
				LastUpgradeCheck = 0830;
				ORGANIZATIONNAME = "Lily Browdy";
				TargetAttributes = {
					F35EDDB01F0AC13A00C0D232 = {
						CreatedOnToolsVersion = 8.3.3;
						ProvisioningStyle = Automatic;
					};
					F35EDDC61F0AC13A00C0D232 = {
						CreatedOnToolsVersion = 8.3.3;
						ProvisioningStyle = Automatic;
						TestTargetID = F35EDDB01F0AC13A00C0D232;
					};
					F35EDDD11F0AC13A00C0D232 = {
						CreatedOnToolsVersion = 8.3.3;
						ProvisioningStyle = Automatic;
						TestTargetID = F35EDDB01F0AC13A00C0D232;
					};
				};
			};
			buildConfigurationList = F35EDDAC1F0AC13900C0D232 /* Build configuration list for PBXProject "College Profile Builder" */;
			compatibilityVersion = "Xcode 3.2";
			developmentRegion = English;
			hasScannedForEncodings = 0;
			knownRegions = (
				en,
				Base,
			);
			mainGroup = F35EDDA81F0AC13900C0D232;
			productRefGroup = F35EDDB21F0AC13A00C0D232 /* Products */;
			projectDirPath = "";
			projectRoot = "";
			targets = (
				F35EDDB01F0AC13A00C0D232 /* College Profile Builder */,
				F35EDDC61F0AC13A00C0D232 /* College Profile BuilderTests */,
				F35EDDD11F0AC13A00C0D232 /* College Profile BuilderUITests */,
			);
		};
/* End PBXProject section */

/* Begin PBXResourcesBuildPhase section */
		F35EDDAF1F0AC13A00C0D232 /* Resources */ = {
			isa = PBXResourcesBuildPhase;
			buildActionMask = 2147483647;
			files = (
				F35EDDC11F0AC13A00C0D232 /* LaunchScreen.storyboard in Resources */,
				F35EDDBE1F0AC13A00C0D232 /* Assets.xcassets in Resources */,
				F35EDDBC1F0AC13A00C0D232 /* Main.storyboard in Resources */,
			);
			runOnlyForDeploymentPostprocessing = 0;
		};
		F35EDDC51F0AC13A00C0D232 /* Resources */ = {
			isa = PBXResourcesBuildPhase;
			buildActionMask = 2147483647;
			files = (
			);
			runOnlyForDeploymentPostprocessing = 0;
		};
		F35EDDD01F0AC13A00C0D232 /* Resources */ = {
			isa = PBXResourcesBuildPhase;
			buildActionMask = 2147483647;
			files = (
			);
			runOnlyForDeploymentPostprocessing = 0;
		};
/* End PBXResourcesBuildPhase section */

/* Begin PBXSourcesBuildPhase section */
		F35EDDAD1F0AC13A00C0D232 /* Sources */ = {
			isa = PBXSourcesBuildPhase;
			buildActionMask = 2147483647;
			files = (
				F35EDDB91F0AC13A00C0D232 /* DetailViewController.swift in Sources */,
				F35EDDB71F0AC13A00C0D232 /* MasterViewController.swift in Sources */,
				F35EDDB51F0AC13A00C0D232 /* AppDelegate.swift in Sources */,
				F35EDDE51F0AC24A00C0D232 /* College.swift in Sources */,
			);
			runOnlyForDeploymentPostprocessing = 0;
		};
		F35EDDC31F0AC13A00C0D232 /* Sources */ = {
			isa = PBXSourcesBuildPhase;
			buildActionMask = 2147483647;
			files = (
				F35EDDCC1F0AC13A00C0D232 /* College_Profile_BuilderTests.swift in Sources */,
			);
			runOnlyForDeploymentPostprocessing = 0;
		};
		F35EDDCE1F0AC13A00C0D232 /* Sources */ = {
			isa = PBXSourcesBuildPhase;
			buildActionMask = 2147483647;
			files = (
				F35EDDD71F0AC13A00C0D232 /* College_Profile_BuilderUITests.swift in Sources */,
			);
			runOnlyForDeploymentPostprocessing = 0;
		};
/* End PBXSourcesBuildPhase section */

/* Begin PBXTargetDependency section */
		F35EDDC91F0AC13A00C0D232 /* PBXTargetDependency */ = {
			isa = PBXTargetDependency;
			target = F35EDDB01F0AC13A00C0D232 /* College Profile Builder */;
			targetProxy = F35EDDC81F0AC13A00C0D232 /* PBXContainerItemProxy */;
		};
		F35EDDD41F0AC13A00C0D232 /* PBXTargetDependency */ = {
			isa = PBXTargetDependency;
			target = F35EDDB01F0AC13A00C0D232 /* College Profile Builder */;
			targetProxy = F35EDDD31F0AC13A00C0D232 /* PBXContainerItemProxy */;
		};
/* End PBXTargetDependency section */

/* Begin PBXVariantGroup section */
		F35EDDBA1F0AC13A00C0D232 /* Main.storyboard */ = {
			isa = PBXVariantGroup;
			children = (
				F35EDDBB1F0AC13A00C0D232 /* Base */,
			);
			name = Main.storyboard;
			sourceTree = "<group>";
		};
		F35EDDBF1F0AC13A00C0D232 /* LaunchScreen.storyboard */ = {
			isa = PBXVariantGroup;
			children = (
				F35EDDC01F0AC13A00C0D232 /* Base */,
			);
			name = LaunchScreen.storyboard;
			sourceTree = "<group>";
		};
/* End PBXVariantGroup section */

/* Begin XCBuildConfiguration section */
		F35EDDD91F0AC13A00C0D232 /* Debug */ = {
			isa = XCBuildConfiguration;
			buildSettings = {
				ALWAYS_SEARCH_USER_PATHS = NO;
				CLANG_ANALYZER_NONNULL = YES;
				CLANG_ANALYZER_NUMBER_OBJECT_CONVERSION = YES_AGGRESSIVE;
				CLANG_CXX_LANGUAGE_STANDARD = "gnu++0x";
				CLANG_CXX_LIBRARY = "libc++";
				CLANG_ENABLE_MODULES = YES;
				CLANG_ENABLE_OBJC_ARC = YES;
				CLANG_WARN_BOOL_CONVERSION = YES;
				CLANG_WARN_CONSTANT_CONVERSION = YES;
				CLANG_WARN_DIRECT_OBJC_ISA_USAGE = YES_ERROR;
				CLANG_WARN_DOCUMENTATION_COMMENTS = YES;
				CLANG_WARN_EMPTY_BODY = YES;
				CLANG_WARN_ENUM_CONVERSION = YES;
				CLANG_WARN_INFINITE_RECURSION = YES;
				CLANG_WARN_INT_CONVERSION = YES;
				CLANG_WARN_OBJC_ROOT_CLASS = YES_ERROR;
				CLANG_WARN_SUSPICIOUS_MOVE = YES;
				CLANG_WARN_UNREACHABLE_CODE = YES;
				CLANG_WARN__DUPLICATE_METHOD_MATCH = YES;
				"CODE_SIGN_IDENTITY[sdk=iphoneos*]" = "iPhone Developer";
				COPY_PHASE_STRIP = NO;
				DEBUG_INFORMATION_FORMAT = dwarf;
				ENABLE_STRICT_OBJC_MSGSEND = YES;
				ENABLE_TESTABILITY = YES;
				GCC_C_LANGUAGE_STANDARD = gnu99;
				GCC_DYNAMIC_NO_PIC = NO;
				GCC_NO_COMMON_BLOCKS = YES;
				GCC_OPTIMIZATION_LEVEL = 0;
				GCC_PREPROCESSOR_DEFINITIONS = (
					"DEBUG=1",
					"$(inherited)",
				);
				GCC_WARN_64_TO_32_BIT_CONVERSION = YES;
				GCC_WARN_ABOUT_RETURN_TYPE = YES_ERROR;
				GCC_WARN_UNDECLARED_SELECTOR = YES;
				GCC_WARN_UNINITIALIZED_AUTOS = YES_AGGRESSIVE;
				GCC_WARN_UNUSED_FUNCTION = YES;
				GCC_WARN_UNUSED_VARIABLE = YES;
				IPHONEOS_DEPLOYMENT_TARGET = 10.3;
				MTL_ENABLE_DEBUG_INFO = YES;
				ONLY_ACTIVE_ARCH = YES;
				SDKROOT = iphoneos;
				SWIFT_ACTIVE_COMPILATION_CONDITIONS = DEBUG;
				SWIFT_OPTIMIZATION_LEVEL = "-Onone";
				TARGETED_DEVICE_FAMILY = "1,2";
			};
			name = Debug;
		};
		F35EDDDA1F0AC13A00C0D232 /* Release */ = {
			isa = XCBuildConfiguration;
			buildSettings = {
				ALWAYS_SEARCH_USER_PATHS = NO;
				CLANG_ANALYZER_NONNULL = YES;
				CLANG_ANALYZER_NUMBER_OBJECT_CONVERSION = YES_AGGRESSIVE;
				CLANG_CXX_LANGUAGE_STANDARD = "gnu++0x";
				CLANG_CXX_LIBRARY = "libc++";
				CLANG_ENABLE_MODULES = YES;
				CLANG_ENABLE_OBJC_ARC = YES;
				CLANG_WARN_BOOL_CONVERSION = YES;
				CLANG_WARN_CONSTANT_CONVERSION = YES;
				CLANG_WARN_DIRECT_OBJC_ISA_USAGE = YES_ERROR;
				CLANG_WARN_DOCUMENTATION_COMMENTS = YES;
				CLANG_WARN_EMPTY_BODY = YES;
				CLANG_WARN_ENUM_CONVERSION = YES;
				CLANG_WARN_INFINITE_RECURSION = YES;
				CLANG_WARN_INT_CONVERSION = YES;
				CLANG_WARN_OBJC_ROOT_CLASS = YES_ERROR;
				CLANG_WARN_SUSPICIOUS_MOVE = YES;
				CLANG_WARN_UNREACHABLE_CODE = YES;
				CLANG_WARN__DUPLICATE_METHOD_MATCH = YES;
				"CODE_SIGN_IDENTITY[sdk=iphoneos*]" = "iPhone Developer";
				COPY_PHASE_STRIP = NO;
				DEBUG_INFORMATION_FORMAT = "dwarf-with-dsym";
				ENABLE_NS_ASSERTIONS = NO;
				ENABLE_STRICT_OBJC_MSGSEND = YES;
				GCC_C_LANGUAGE_STANDARD = gnu99;
				GCC_NO_COMMON_BLOCKS = YES;
				GCC_WARN_64_TO_32_BIT_CONVERSION = YES;
				GCC_WARN_ABOUT_RETURN_TYPE = YES_ERROR;
				GCC_WARN_UNDECLARED_SELECTOR = YES;
				GCC_WARN_UNINITIALIZED_AUTOS = YES_AGGRESSIVE;
				GCC_WARN_UNUSED_FUNCTION = YES;
				GCC_WARN_UNUSED_VARIABLE = YES;
				IPHONEOS_DEPLOYMENT_TARGET = 10.3;
				MTL_ENABLE_DEBUG_INFO = NO;
				SDKROOT = iphoneos;
				SWIFT_OPTIMIZATION_LEVEL = "-Owholemodule";
				TARGETED_DEVICE_FAMILY = "1,2";
				VALIDATE_PRODUCT = YES;
			};
			name = Release;
		};
		F35EDDDC1F0AC13A00C0D232 /* Debug */ = {
			isa = XCBuildConfiguration;
			buildSettings = {
				ASSETCATALOG_COMPILER_APPICON_NAME = AppIcon;
				INFOPLIST_FILE = "College Profile Builder/Info.plist";
				LD_RUNPATH_SEARCH_PATHS = "$(inherited) @executable_path/Frameworks";
				PRODUCT_BUNDLE_IDENTIFIER = "Lily.College-Profile-Builder";
				PRODUCT_NAME = "$(TARGET_NAME)";
				SWIFT_VERSION = 3.0;
			};
			name = Debug;
		};
		F35EDDDD1F0AC13A00C0D232 /* Release */ = {
			isa = XCBuildConfiguration;
			buildSettings = {
				ASSETCATALOG_COMPILER_APPICON_NAME = AppIcon;
				INFOPLIST_FILE = "College Profile Builder/Info.plist";
				LD_RUNPATH_SEARCH_PATHS = "$(inherited) @executable_path/Frameworks";
				PRODUCT_BUNDLE_IDENTIFIER = "Lily.College-Profile-Builder";
				PRODUCT_NAME = "$(TARGET_NAME)";
				SWIFT_VERSION = 3.0;
			};
			name = Release;
		};
		F35EDDDF1F0AC13A00C0D232 /* Debug */ = {
			isa = XCBuildConfiguration;
			buildSettings = {
				ALWAYS_EMBED_SWIFT_STANDARD_LIBRARIES = YES;
				BUNDLE_LOADER = "$(TEST_HOST)";
				INFOPLIST_FILE = "College Profile BuilderTests/Info.plist";
				LD_RUNPATH_SEARCH_PATHS = "$(inherited) @executable_path/Frameworks @loader_path/Frameworks";
				PRODUCT_BUNDLE_IDENTIFIER = "Lily.College-Profile-BuilderTests";
				PRODUCT_NAME = "$(TARGET_NAME)";
				SWIFT_VERSION = 3.0;
				TEST_HOST = "$(BUILT_PRODUCTS_DIR)/College Profile Builder.app/College Profile Builder";
			};
			name = Debug;
		};
		F35EDDE01F0AC13A00C0D232 /* Release */ = {
			isa = XCBuildConfiguration;
			buildSettings = {
				ALWAYS_EMBED_SWIFT_STANDARD_LIBRARIES = YES;
				BUNDLE_LOADER = "$(TEST_HOST)";
				INFOPLIST_FILE = "College Profile BuilderTests/Info.plist";
				LD_RUNPATH_SEARCH_PATHS = "$(inherited) @executable_path/Frameworks @loader_path/Frameworks";
				PRODUCT_BUNDLE_IDENTIFIER = "Lily.College-Profile-BuilderTests";
				PRODUCT_NAME = "$(TARGET_NAME)";
				SWIFT_VERSION = 3.0;
				TEST_HOST = "$(BUILT_PRODUCTS_DIR)/College Profile Builder.app/College Profile Builder";
			};
			name = Release;
		};
		F35EDDE21F0AC13A00C0D232 /* Debug */ = {
			isa = XCBuildConfiguration;
			buildSettings = {
				ALWAYS_EMBED_SWIFT_STANDARD_LIBRARIES = YES;
				INFOPLIST_FILE = "College Profile BuilderUITests/Info.plist";
				LD_RUNPATH_SEARCH_PATHS = "$(inherited) @executable_path/Frameworks @loader_path/Frameworks";
				PRODUCT_BUNDLE_IDENTIFIER = "Lily.College-Profile-BuilderUITests";
				PRODUCT_NAME = "$(TARGET_NAME)";
				SWIFT_VERSION = 3.0;
				TEST_TARGET_NAME = "College Profile Builder";
			};
			name = Debug;
		};
		F35EDDE31F0AC13A00C0D232 /* Release */ = {
			isa = XCBuildConfiguration;
			buildSettings = {
				ALWAYS_EMBED_SWIFT_STANDARD_LIBRARIES = YES;
				INFOPLIST_FILE = "College Profile BuilderUITests/Info.plist";
				LD_RUNPATH_SEARCH_PATHS = "$(inherited) @executable_path/Frameworks @loader_path/Frameworks";
				PRODUCT_BUNDLE_IDENTIFIER = "Lily.College-Profile-BuilderUITests";
				PRODUCT_NAME = "$(TARGET_NAME)";
				SWIFT_VERSION = 3.0;
				TEST_TARGET_NAME = "College Profile Builder";
			};
			name = Release;
		};
/* End XCBuildConfiguration section */

/* Begin XCConfigurationList section */
		F35EDDAC1F0AC13900C0D232 /* Build configuration list for PBXProject "College Profile Builder" */ = {
			isa = XCConfigurationList;
			buildConfigurations = (
				F35EDDD91F0AC13A00C0D232 /* Debug */,
				F35EDDDA1F0AC13A00C0D232 /* Release */,
			);
			defaultConfigurationIsVisible = 0;
			defaultConfigurationName = Release;
		};
		F35EDDDB1F0AC13A00C0D232 /* Build configuration list for PBXNativeTarget "College Profile Builder" */ = {
			isa = XCConfigurationList;
			buildConfigurations = (
				F35EDDDC1F0AC13A00C0D232 /* Debug */,
				F35EDDDD1F0AC13A00C0D232 /* Release */,
			);
			defaultConfigurationIsVisible = 0;
		};
		F35EDDDE1F0AC13A00C0D232 /* Build configuration list for PBXNativeTarget "College Profile BuilderTests" */ = {
			isa = XCConfigurationList;
			buildConfigurations = (
				F35EDDDF1F0AC13A00C0D232 /* Debug */,
				F35EDDE01F0AC13A00C0D232 /* Release */,
			);
			defaultConfigurationIsVisible = 0;
		};
		F35EDDE11F0AC13A00C0D232 /* Build configuration list for PBXNativeTarget "College Profile BuilderUITests" */ = {
			isa = XCConfigurationList;
			buildConfigurations = (
				F35EDDE21F0AC13A00C0D232 /* Debug */,
				F35EDDE31F0AC13A00C0D232 /* Release */,
			);
			defaultConfigurationIsVisible = 0;
		};
/* End XCConfigurationList section */
	};
	rootObject = F35EDDA91F0AC13900C0D232 /* Project object */;
}
